// !$*UTF8*$!
{
	archiveVersion = 1;
	classes = {
	};
	objectVersion = 56;
	objects = {

/* Begin PBXBuildFile section */
		182093792B53F4A00CE47EFD /* libPods-V3_collections.a in Frameworks */ = {isa = PBXBuildFile; fileRef = 13C454FFAF842756E3507242 /* libPods-V3_collections.a */; };
		5EB68EF49FC4312CEE773528 /* libPods-V3_collections-V3_collectionsUITests.a in Frameworks */ = {isa = PBXBuildFile; fileRef = 9ED2344282FDA5FB408378A1 /* libPods-V3_collections-V3_collectionsUITests.a */; };
		8DC6826C78CEE9A534EF3E51 /* libPods-V3_collectionsTests.a in Frameworks */ = {isa = PBXBuildFile; fileRef = 05B3FD322A4F506D18AD35EF /* libPods-V3_collectionsTests.a */; };
		FA89222029C433B60012EA2C /* AppDelegate.swift in Sources */ = {isa = PBXBuildFile; fileRef = FA89221F29C433B60012EA2C /* AppDelegate.swift */; };
		FA89222229C433B60012EA2C /* SceneDelegate.swift in Sources */ = {isa = PBXBuildFile; fileRef = FA89222129C433B60012EA2C /* SceneDelegate.swift */; };
		FA89222929C433B90012EA2C /* Assets.xcassets in Resources */ = {isa = PBXBuildFile; fileRef = FA89222829C433B90012EA2C /* Assets.xcassets */; };
		FA89222C29C433B90012EA2C /* LaunchScreen.storyboard in Resources */ = {isa = PBXBuildFile; fileRef = FA89222A29C433B90012EA2C /* LaunchScreen.storyboard */; };
		FA89223729C433BA0012EA2C /* V3_collectionsTests.swift in Sources */ = {isa = PBXBuildFile; fileRef = FA89223629C433BA0012EA2C /* V3_collectionsTests.swift */; };
		FA89224129C433BA0012EA2C /* V3_collectionsUITests.swift in Sources */ = {isa = PBXBuildFile; fileRef = FA89224029C433BA0012EA2C /* V3_collectionsUITests.swift */; };
		FA89224329C433BA0012EA2C /* V3_collectionsUITestsLaunchTests.swift in Sources */ = {isa = PBXBuildFile; fileRef = FA89224229C433BA0012EA2C /* V3_collectionsUITestsLaunchTests.swift */; };
		FA92002029D3FBF000C9C7F9 /* ArrayViewCell.swift in Sources */ = {isa = PBXBuildFile; fileRef = FA92001F29D3FBF000C9C7F9 /* ArrayViewCell.swift */; };
		FA92CF2629D9E3CA00F99C86 /* ArrayManager.swift in Sources */ = {isa = PBXBuildFile; fileRef = FA92CF2529D9E3CA00F99C86 /* ArrayManager.swift */; };
		FA93481C29C5EF2400EA7AB2 /* MainViewController.swift in Sources */ = {isa = PBXBuildFile; fileRef = FA93481B29C5EF2400EA7AB2 /* MainViewController.swift */; };
		FA974BAA29F2BC7D005EA161 /* DictionaryManager.swift in Sources */ = {isa = PBXBuildFile; fileRef = FA974BA929F2BC7D005EA161 /* DictionaryManager.swift */; };
		FA9DBBA72A03DA2000372AC4 /* DictionaryViewCell.swift in Sources */ = {isa = PBXBuildFile; fileRef = FA9DBBA62A03DA2000372AC4 /* DictionaryViewCell.swift */; };
		FA9DD3D729C9D5AB00F0B2FD /* SetController.swift in Sources */ = {isa = PBXBuildFile; fileRef = FA9DD3D629C9D5AB00F0B2FD /* SetController.swift */; };
		FA9EEFC329CABF8000B5E6DA /* DictionaryController.swift in Sources */ = {isa = PBXBuildFile; fileRef = FA9EEFC229CABF8000B5E6DA /* DictionaryController.swift */; };
		FAA5C9CF2A0BB12D00975C45 /* SetManager.swift in Sources */ = {isa = PBXBuildFile; fileRef = FAA5C9CE2A0BB12D00975C45 /* SetManager.swift */; };
		FAA813DA29C75D31001C76B9 /* ArrayController.swift in Sources */ = {isa = PBXBuildFile; fileRef = FAA813D929C75D31001C76B9 /* ArrayController.swift */; };
		FAAA525E29D00FF200B5FAA2 /* MainViewControllerCell.swift in Sources */ = {isa = PBXBuildFile; fileRef = FAAA525D29D00FF200B5FAA2 /* MainViewControllerCell.swift */; };
/* End PBXBuildFile section */

/* Begin PBXContainerItemProxy section */
		FA89223329C433BA0012EA2C /* PBXContainerItemProxy */ = {
			isa = PBXContainerItemProxy;
			containerPortal = FA89221429C433B60012EA2C /* Project object */;
			proxyType = 1;
			remoteGlobalIDString = FA89221B29C433B60012EA2C;
			remoteInfo = V3_collections;
		};
		FA89223D29C433BA0012EA2C /* PBXContainerItemProxy */ = {
			isa = PBXContainerItemProxy;
			containerPortal = FA89221429C433B60012EA2C /* Project object */;
			proxyType = 1;
			remoteGlobalIDString = FA89221B29C433B60012EA2C;
			remoteInfo = V3_collections;
		};
/* End PBXContainerItemProxy section */

/* Begin PBXFileReference section */
		05B3FD322A4F506D18AD35EF /* libPods-V3_collectionsTests.a */ = {isa = PBXFileReference; explicitFileType = archive.ar; includeInIndex = 0; path = "libPods-V3_collectionsTests.a"; sourceTree = BUILT_PRODUCTS_DIR; };
		13C454FFAF842756E3507242 /* libPods-V3_collections.a */ = {isa = PBXFileReference; explicitFileType = archive.ar; includeInIndex = 0; path = "libPods-V3_collections.a"; sourceTree = BUILT_PRODUCTS_DIR; };
		1A52202D38892D43CBE1F390 /* Pods-V3_collectionsTests.debug.xcconfig */ = {isa = PBXFileReference; includeInIndex = 1; lastKnownFileType = text.xcconfig; name = "Pods-V3_collectionsTests.debug.xcconfig"; path = "Target Support Files/Pods-V3_collectionsTests/Pods-V3_collectionsTests.debug.xcconfig"; sourceTree = "<group>"; };
		1C44EFFF3C85BB430690A9B0 /* Pods-V3_collections.release.xcconfig */ = {isa = PBXFileReference; includeInIndex = 1; lastKnownFileType = text.xcconfig; name = "Pods-V3_collections.release.xcconfig"; path = "Target Support Files/Pods-V3_collections/Pods-V3_collections.release.xcconfig"; sourceTree = "<group>"; };
		66C600E94FF0D17A0390FFAD /* Pods-V3_collections.debug.xcconfig */ = {isa = PBXFileReference; includeInIndex = 1; lastKnownFileType = text.xcconfig; name = "Pods-V3_collections.debug.xcconfig"; path = "Target Support Files/Pods-V3_collections/Pods-V3_collections.debug.xcconfig"; sourceTree = "<group>"; };
		736920C8F525B1E2431862E3 /* Pods-V3_collections-V3_collectionsUITests.release.xcconfig */ = {isa = PBXFileReference; includeInIndex = 1; lastKnownFileType = text.xcconfig; name = "Pods-V3_collections-V3_collectionsUITests.release.xcconfig"; path = "Target Support Files/Pods-V3_collections-V3_collectionsUITests/Pods-V3_collections-V3_collectionsUITests.release.xcconfig"; sourceTree = "<group>"; };
		9ED2344282FDA5FB408378A1 /* libPods-V3_collections-V3_collectionsUITests.a */ = {isa = PBXFileReference; explicitFileType = archive.ar; includeInIndex = 0; path = "libPods-V3_collections-V3_collectionsUITests.a"; sourceTree = BUILT_PRODUCTS_DIR; };
		A04D27C1A2AAD969A9473670 /* Pods-V3_collections-V3_collectionsUITests.debug.xcconfig */ = {isa = PBXFileReference; includeInIndex = 1; lastKnownFileType = text.xcconfig; name = "Pods-V3_collections-V3_collectionsUITests.debug.xcconfig"; path = "Target Support Files/Pods-V3_collections-V3_collectionsUITests/Pods-V3_collections-V3_collectionsUITests.debug.xcconfig"; sourceTree = "<group>"; };
		FA89221C29C433B60012EA2C /* V3_collections.app */ = {isa = PBXFileReference; explicitFileType = wrapper.application; includeInIndex = 0; path = V3_collections.app; sourceTree = BUILT_PRODUCTS_DIR; };
		FA89221F29C433B60012EA2C /* AppDelegate.swift */ = {isa = PBXFileReference; lastKnownFileType = sourcecode.swift; path = AppDelegate.swift; sourceTree = "<group>"; };
		FA89222129C433B60012EA2C /* SceneDelegate.swift */ = {isa = PBXFileReference; lastKnownFileType = sourcecode.swift; path = SceneDelegate.swift; sourceTree = "<group>"; };
		FA89222829C433B90012EA2C /* Assets.xcassets */ = {isa = PBXFileReference; lastKnownFileType = folder.assetcatalog; path = Assets.xcassets; sourceTree = "<group>"; };
		FA89222B29C433B90012EA2C /* Base */ = {isa = PBXFileReference; lastKnownFileType = file.storyboard; name = Base; path = Base.lproj/LaunchScreen.storyboard; sourceTree = "<group>"; };
		FA89222D29C433B90012EA2C /* Info.plist */ = {isa = PBXFileReference; lastKnownFileType = text.plist.xml; path = Info.plist; sourceTree = "<group>"; };
		FA89223229C433BA0012EA2C /* V3_collectionsTests.xctest */ = {isa = PBXFileReference; explicitFileType = wrapper.cfbundle; includeInIndex = 0; path = V3_collectionsTests.xctest; sourceTree = BUILT_PRODUCTS_DIR; };
		FA89223629C433BA0012EA2C /* V3_collectionsTests.swift */ = {isa = PBXFileReference; lastKnownFileType = sourcecode.swift; path = V3_collectionsTests.swift; sourceTree = "<group>"; };
		FA89223C29C433BA0012EA2C /* V3_collectionsUITests.xctest */ = {isa = PBXFileReference; explicitFileType = wrapper.cfbundle; includeInIndex = 0; path = V3_collectionsUITests.xctest; sourceTree = BUILT_PRODUCTS_DIR; };
		FA89224029C433BA0012EA2C /* V3_collectionsUITests.swift */ = {isa = PBXFileReference; lastKnownFileType = sourcecode.swift; path = V3_collectionsUITests.swift; sourceTree = "<group>"; };
		FA89224229C433BA0012EA2C /* V3_collectionsUITestsLaunchTests.swift */ = {isa = PBXFileReference; lastKnownFileType = sourcecode.swift; path = V3_collectionsUITestsLaunchTests.swift; sourceTree = "<group>"; };
		FA92001F29D3FBF000C9C7F9 /* ArrayViewCell.swift */ = {isa = PBXFileReference; lastKnownFileType = sourcecode.swift; path = ArrayViewCell.swift; sourceTree = "<group>"; };
		FA92CF2529D9E3CA00F99C86 /* ArrayManager.swift */ = {isa = PBXFileReference; lastKnownFileType = sourcecode.swift; path = ArrayManager.swift; sourceTree = "<group>"; };
		FA93481B29C5EF2400EA7AB2 /* MainViewController.swift */ = {isa = PBXFileReference; lastKnownFileType = sourcecode.swift; path = MainViewController.swift; sourceTree = "<group>"; };
		FA974BA929F2BC7D005EA161 /* DictionaryManager.swift */ = {isa = PBXFileReference; lastKnownFileType = sourcecode.swift; path = DictionaryManager.swift; sourceTree = "<group>"; };
		FA9DBBA62A03DA2000372AC4 /* DictionaryViewCell.swift */ = {isa = PBXFileReference; lastKnownFileType = sourcecode.swift; path = DictionaryViewCell.swift; sourceTree = "<group>"; };
		FA9DD3D629C9D5AB00F0B2FD /* SetController.swift */ = {isa = PBXFileReference; lastKnownFileType = sourcecode.swift; path = SetController.swift; sourceTree = "<group>"; };
		FA9EEFC229CABF8000B5E6DA /* DictionaryController.swift */ = {isa = PBXFileReference; lastKnownFileType = sourcecode.swift; path = DictionaryController.swift; sourceTree = "<group>"; };
		FAA5C9CE2A0BB12D00975C45 /* SetManager.swift */ = {isa = PBXFileReference; lastKnownFileType = sourcecode.swift; path = SetManager.swift; sourceTree = "<group>"; };
		FAA813D929C75D31001C76B9 /* ArrayController.swift */ = {isa = PBXFileReference; lastKnownFileType = sourcecode.swift; path = ArrayController.swift; sourceTree = "<group>"; };
		FAAA525D29D00FF200B5FAA2 /* MainViewControllerCell.swift */ = {isa = PBXFileReference; lastKnownFileType = sourcecode.swift; path = MainViewControllerCell.swift; sourceTree = "<group>"; };
		FF4245470163A86764AAA7AE /* Pods-V3_collectionsTests.release.xcconfig */ = {isa = PBXFileReference; includeInIndex = 1; lastKnownFileType = text.xcconfig; name = "Pods-V3_collectionsTests.release.xcconfig"; path = "Target Support Files/Pods-V3_collectionsTests/Pods-V3_collectionsTests.release.xcconfig"; sourceTree = "<group>"; };
/* End PBXFileReference section */

/* Begin PBXFrameworksBuildPhase section */
		FA89221929C433B60012EA2C /* Frameworks */ = {
			isa = PBXFrameworksBuildPhase;
			buildActionMask = 2147483647;
			files = (
				182093792B53F4A00CE47EFD /* libPods-V3_collections.a in Frameworks */,
			);
			runOnlyForDeploymentPostprocessing = 0;
		};
		FA89222F29C433BA0012EA2C /* Frameworks */ = {
			isa = PBXFrameworksBuildPhase;
			buildActionMask = 2147483647;
			files = (
				8DC6826C78CEE9A534EF3E51 /* libPods-V3_collectionsTests.a in Frameworks */,
			);
			runOnlyForDeploymentPostprocessing = 0;
		};
		FA89223929C433BA0012EA2C /* Frameworks */ = {
			isa = PBXFrameworksBuildPhase;
			buildActionMask = 2147483647;
			files = (
				5EB68EF49FC4312CEE773528 /* libPods-V3_collections-V3_collectionsUITests.a in Frameworks */,
			);
			runOnlyForDeploymentPostprocessing = 0;
		};
/* End PBXFrameworksBuildPhase section */

/* Begin PBXGroup section */
		27DB781F366732356E8B3DE4 /* Frameworks */ = {
			isa = PBXGroup;
			children = (
				13C454FFAF842756E3507242 /* libPods-V3_collections.a */,
				9ED2344282FDA5FB408378A1 /* libPods-V3_collections-V3_collectionsUITests.a */,
				05B3FD322A4F506D18AD35EF /* libPods-V3_collectionsTests.a */,
			);
			name = Frameworks;
			sourceTree = "<group>";
		};
		BEC460E2F8C9B70D8B5A6A9E /* Pods */ = {
			isa = PBXGroup;
			children = (
				66C600E94FF0D17A0390FFAD /* Pods-V3_collections.debug.xcconfig */,
				1C44EFFF3C85BB430690A9B0 /* Pods-V3_collections.release.xcconfig */,
				A04D27C1A2AAD969A9473670 /* Pods-V3_collections-V3_collectionsUITests.debug.xcconfig */,
				736920C8F525B1E2431862E3 /* Pods-V3_collections-V3_collectionsUITests.release.xcconfig */,
				1A52202D38892D43CBE1F390 /* Pods-V3_collectionsTests.debug.xcconfig */,
				FF4245470163A86764AAA7AE /* Pods-V3_collectionsTests.release.xcconfig */,
			);
			path = Pods;
			sourceTree = "<group>";
		};
		FA89221329C433B60012EA2C = {
			isa = PBXGroup;
			children = (
				FA89221E29C433B60012EA2C /* V3_collections */,
				FA89223529C433BA0012EA2C /* V3_collectionsTests */,
				FA89223F29C433BA0012EA2C /* V3_collectionsUITests */,
				FA89221D29C433B60012EA2C /* Products */,
				BEC460E2F8C9B70D8B5A6A9E /* Pods */,
				27DB781F366732356E8B3DE4 /* Frameworks */,
			);
			sourceTree = "<group>";
		};
		FA89221D29C433B60012EA2C /* Products */ = {
			isa = PBXGroup;
			children = (
				FA89221C29C433B60012EA2C /* V3_collections.app */,
				FA89223229C433BA0012EA2C /* V3_collectionsTests.xctest */,
				FA89223C29C433BA0012EA2C /* V3_collectionsUITests.xctest */,
			);
			name = Products;
			sourceTree = "<group>";
		};
		FA89221E29C433B60012EA2C /* V3_collections */ = {
			isa = PBXGroup;
			children = (
				FA92CF2429D9E37100F99C86 /* Managers */,
				FA89225229C434560012EA2C /* Assets */,
				FA89224F29C4340F0012EA2C /* Other */,
				FA89225029C434240012EA2C /* Controllers */,
				FA89222A29C433B90012EA2C /* LaunchScreen.storyboard */,
				FA89222D29C433B90012EA2C /* Info.plist */,
			);
			path = V3_collections;
			sourceTree = "<group>";
		};
		FA89223529C433BA0012EA2C /* V3_collectionsTests */ = {
			isa = PBXGroup;
			children = (
				FA89223629C433BA0012EA2C /* V3_collectionsTests.swift */,
			);
			path = V3_collectionsTests;
			sourceTree = "<group>";
		};
		FA89223F29C433BA0012EA2C /* V3_collectionsUITests */ = {
			isa = PBXGroup;
			children = (
				FA89224029C433BA0012EA2C /* V3_collectionsUITests.swift */,
				FA89224229C433BA0012EA2C /* V3_collectionsUITestsLaunchTests.swift */,
			);
			path = V3_collectionsUITests;
			sourceTree = "<group>";
		};
		FA89224F29C4340F0012EA2C /* Other */ = {
			isa = PBXGroup;
			children = (
				FAAA525D29D00FF200B5FAA2 /* MainViewControllerCell.swift */,
				FA92001F29D3FBF000C9C7F9 /* ArrayViewCell.swift */,
				FA9DBBA62A03DA2000372AC4 /* DictionaryViewCell.swift */,
				FA89221F29C433B60012EA2C /* AppDelegate.swift */,
				FA89222129C433B60012EA2C /* SceneDelegate.swift */,
			);
			path = Other;
			sourceTree = "<group>";
		};
		FA89225029C434240012EA2C /* Controllers */ = {
			isa = PBXGroup;
			children = (
				FA93481B29C5EF2400EA7AB2 /* MainViewController.swift */,
				FAA813D929C75D31001C76B9 /* ArrayController.swift */,
				FA9DD3D629C9D5AB00F0B2FD /* SetController.swift */,
				FA9EEFC229CABF8000B5E6DA /* DictionaryController.swift */,
			);
			path = Controllers;
			sourceTree = "<group>";
		};
		FA89225229C434560012EA2C /* Assets */ = {
			isa = PBXGroup;
			children = (
				FA89222829C433B90012EA2C /* Assets.xcassets */,
			);
			path = Assets;
			sourceTree = "<group>";
		};
		FA92CF2429D9E37100F99C86 /* Managers */ = {
			isa = PBXGroup;
			children = (
				FA92CF2529D9E3CA00F99C86 /* ArrayManager.swift */,
				FAA5C9CE2A0BB12D00975C45 /* SetManager.swift */,
				FA974BA929F2BC7D005EA161 /* DictionaryManager.swift */,
			);
			path = Managers;
			sourceTree = "<group>";
		};
/* End PBXGroup section */

/* Begin PBXNativeTarget section */
		FA89221B29C433B60012EA2C /* V3_collections */ = {
			isa = PBXNativeTarget;
			buildConfigurationList = FA89224629C433BA0012EA2C /* Build configuration list for PBXNativeTarget "V3_collections" */;
			buildPhases = (
				FA8D6CB429C47AA1007F3C24 /* ShellScript */,
				FDC95347EAA093D57472332C /* [CP] Check Pods Manifest.lock */,
				FA89221829C433B60012EA2C /* Sources */,
				FA89221929C433B60012EA2C /* Frameworks */,
				FA89221A29C433B60012EA2C /* Resources */,
			);
			buildRules = (
			);
			dependencies = (
			);
			name = V3_collections;
			productName = V3_collections;
			productReference = FA89221C29C433B60012EA2C /* V3_collections.app */;
			productType = "com.apple.product-type.application";
		};
		FA89223129C433BA0012EA2C /* V3_collectionsTests */ = {
			isa = PBXNativeTarget;
			buildConfigurationList = FA89224929C433BA0012EA2C /* Build configuration list for PBXNativeTarget "V3_collectionsTests" */;
			buildPhases = (
				4F52A0273EE2E48468CD634A /* [CP] Check Pods Manifest.lock */,
				FA89222E29C433BA0012EA2C /* Sources */,
				FA89222F29C433BA0012EA2C /* Frameworks */,
				FA89223029C433BA0012EA2C /* Resources */,
			);
			buildRules = (
			);
			dependencies = (
				FA89223429C433BA0012EA2C /* PBXTargetDependency */,
			);
			name = V3_collectionsTests;
			productName = V3_collectionsTests;
			productReference = FA89223229C433BA0012EA2C /* V3_collectionsTests.xctest */;
			productType = "com.apple.product-type.bundle.unit-test";
		};
		FA89223B29C433BA0012EA2C /* V3_collectionsUITests */ = {
			isa = PBXNativeTarget;
			buildConfigurationList = FA89224C29C433BA0012EA2C /* Build configuration list for PBXNativeTarget "V3_collectionsUITests" */;
			buildPhases = (
				2582AD09F10DD8D0E558C04E /* [CP] Check Pods Manifest.lock */,
				FA89223829C433BA0012EA2C /* Sources */,
				FA89223929C433BA0012EA2C /* Frameworks */,
				FA89223A29C433BA0012EA2C /* Resources */,
			);
			buildRules = (
			);
			dependencies = (
				FA89223E29C433BA0012EA2C /* PBXTargetDependency */,
			);
			name = V3_collectionsUITests;
			productName = V3_collectionsUITests;
			productReference = FA89223C29C433BA0012EA2C /* V3_collectionsUITests.xctest */;
			productType = "com.apple.product-type.bundle.ui-testing";
		};
/* End PBXNativeTarget section */

/* Begin PBXProject section */
		FA89221429C433B60012EA2C /* Project object */ = {
			isa = PBXProject;
			attributes = {
				BuildIndependentTargetsInParallel = 1;
				LastSwiftUpdateCheck = 1420;
				LastUpgradeCheck = 1420;
				TargetAttributes = {
					FA89221B29C433B60012EA2C = {
						CreatedOnToolsVersion = 14.2;
					};
					FA89223129C433BA0012EA2C = {
						CreatedOnToolsVersion = 14.2;
						TestTargetID = FA89221B29C433B60012EA2C;
					};
					FA89223B29C433BA0012EA2C = {
						CreatedOnToolsVersion = 14.2;
						TestTargetID = FA89221B29C433B60012EA2C;
					};
				};
			};
			buildConfigurationList = FA89221729C433B60012EA2C /* Build configuration list for PBXProject "V3_collections" */;
			compatibilityVersion = "Xcode 14.0";
			developmentRegion = en;
			hasScannedForEncodings = 0;
			knownRegions = (
				en,
				Base,
			);
			mainGroup = FA89221329C433B60012EA2C;
			productRefGroup = FA89221D29C433B60012EA2C /* Products */;
			projectDirPath = "";
			projectRoot = "";
			targets = (
				FA89221B29C433B60012EA2C /* V3_collections */,
				FA89223129C433BA0012EA2C /* V3_collectionsTests */,
				FA89223B29C433BA0012EA2C /* V3_collectionsUITests */,
			);
		};
/* End PBXProject section */

/* Begin PBXResourcesBuildPhase section */
		FA89221A29C433B60012EA2C /* Resources */ = {
			isa = PBXResourcesBuildPhase;
			buildActionMask = 2147483647;
			files = (
				FA89222C29C433B90012EA2C /* LaunchScreen.storyboard in Resources */,
				FA89222929C433B90012EA2C /* Assets.xcassets in Resources */,
			);
			runOnlyForDeploymentPostprocessing = 0;
		};
		FA89223029C433BA0012EA2C /* Resources */ = {
			isa = PBXResourcesBuildPhase;
			buildActionMask = 2147483647;
			files = (
			);
			runOnlyForDeploymentPostprocessing = 0;
		};
		FA89223A29C433BA0012EA2C /* Resources */ = {
			isa = PBXResourcesBuildPhase;
			buildActionMask = 2147483647;
			files = (
			);
			runOnlyForDeploymentPostprocessing = 0;
		};
/* End PBXResourcesBuildPhase section */

/* Begin PBXShellScriptBuildPhase section */
		2582AD09F10DD8D0E558C04E /* [CP] Check Pods Manifest.lock */ = {
			isa = PBXShellScriptBuildPhase;
			buildActionMask = 2147483647;
			files = (
			);
			inputFileListPaths = (
			);
			inputPaths = (
				"${PODS_PODFILE_DIR_PATH}/Podfile.lock",
				"${PODS_ROOT}/Manifest.lock",
			);
			name = "[CP] Check Pods Manifest.lock";
			outputFileListPaths = (
			);
			outputPaths = (
				"$(DERIVED_FILE_DIR)/Pods-V3_collections-V3_collectionsUITests-checkManifestLockResult.txt",
			);
			runOnlyForDeploymentPostprocessing = 0;
			shellPath = /bin/sh;
			shellScript = "diff \"${PODS_PODFILE_DIR_PATH}/Podfile.lock\" \"${PODS_ROOT}/Manifest.lock\" > /dev/null\nif [ $? != 0 ] ; then\n    # print error to STDERR\n    echo \"error: The sandbox is not in sync with the Podfile.lock. Run 'pod install' or update your CocoaPods installation.\" >&2\n    exit 1\nfi\n# This output is used by Xcode 'outputs' to avoid re-running this script phase.\necho \"SUCCESS\" > \"${SCRIPT_OUTPUT_FILE_0}\"\n";
			showEnvVarsInLog = 0;
		};
		4F52A0273EE2E48468CD634A /* [CP] Check Pods Manifest.lock */ = {
			isa = PBXShellScriptBuildPhase;
			buildActionMask = 2147483647;
			files = (
			);
			inputFileListPaths = (
			);
			inputPaths = (
				"${PODS_PODFILE_DIR_PATH}/Podfile.lock",
				"${PODS_ROOT}/Manifest.lock",
			);
			name = "[CP] Check Pods Manifest.lock";
			outputFileListPaths = (
			);
			outputPaths = (
				"$(DERIVED_FILE_DIR)/Pods-V3_collectionsTests-checkManifestLockResult.txt",
			);
			runOnlyForDeploymentPostprocessing = 0;
			shellPath = /bin/sh;
			shellScript = "diff \"${PODS_PODFILE_DIR_PATH}/Podfile.lock\" \"${PODS_ROOT}/Manifest.lock\" > /dev/null\nif [ $? != 0 ] ; then\n    # print error to STDERR\n    echo \"error: The sandbox is not in sync with the Podfile.lock. Run 'pod install' or update your CocoaPods installation.\" >&2\n    exit 1\nfi\n# This output is used by Xcode 'outputs' to avoid re-running this script phase.\necho \"SUCCESS\" > \"${SCRIPT_OUTPUT_FILE_0}\"\n";
			showEnvVarsInLog = 0;
		};
		FA8D6CB429C47AA1007F3C24 /* ShellScript */ = {
			isa = PBXShellScriptBuildPhase;
			buildActionMask = 2147483647;
			files = (
			);
			inputFileListPaths = (
			);
			inputPaths = (
			);
			outputFileListPaths = (
			);
			outputPaths = (
			);
			runOnlyForDeploymentPostprocessing = 0;
			shellPath = /bin/sh;
			shellScript = "

";
		};
		FDC95347EAA093D57472332C /* [CP] Check Pods Manifest.lock */ = {
			isa = PBXShellScriptBuildPhase;
			buildActionMask = 2147483647;
			files = (
			);
			inputFileListPaths = (
			);
			inputPaths = (
				"${PODS_PODFILE_DIR_PATH}/Podfile.lock",
				"${PODS_ROOT}/Manifest.lock",
			);
			name = "[CP] Check Pods Manifest.lock";
			outputFileListPaths = (
			);
			outputPaths = (
				"$(DERIVED_FILE_DIR)/Pods-V3_collections-checkManifestLockResult.txt",
			);
			runOnlyForDeploymentPostprocessing = 0;
			shellPath = /bin/sh;
			shellScript = "diff \"${PODS_PODFILE_DIR_PATH}/Podfile.lock\" \"${PODS_ROOT}/Manifest.lock\" > /dev/null\nif [ $? != 0 ] ; then\n    # print error to STDERR\n    echo \"error: The sandbox is not in sync with the Podfile.lock. Run 'pod install' or update your CocoaPods installation.\" >&2\n    exit 1\nfi\n# This output is used by Xcode 'outputs' to avoid re-running this script phase.\necho \"SUCCESS\" > \"${SCRIPT_OUTPUT_FILE_0}\"\n";
			showEnvVarsInLog = 0;
		};
/* End PBXShellScriptBuildPhase section */

/* Begin PBXSourcesBuildPhase section */
		FA89221829C433B60012EA2C /* Sources */ = {
			isa = PBXSourcesBuildPhase;
			buildActionMask = 2147483647;
			files = (
				FA9DBBA72A03DA2000372AC4 /* DictionaryViewCell.swift in Sources */,
				FA89222029C433B60012EA2C /* AppDelegate.swift in Sources */,
				FA974BAA29F2BC7D005EA161 /* DictionaryManager.swift in Sources */,
				FA9EEFC329CABF8000B5E6DA /* DictionaryController.swift in Sources */,
				FA93481C29C5EF2400EA7AB2 /* MainViewController.swift in Sources */,
				FA89222229C433B60012EA2C /* SceneDelegate.swift in Sources */,
				FAA5C9CF2A0BB12D00975C45 /* SetManager.swift in Sources */,
				FA92CF2629D9E3CA00F99C86 /* ArrayManager.swift in Sources */,
				FAAA525E29D00FF200B5FAA2 /* MainViewControllerCell.swift in Sources */,
				FA92002029D3FBF000C9C7F9 /* ArrayViewCell.swift in Sources */,
				FA9DD3D729C9D5AB00F0B2FD /* SetController.swift in Sources */,
				FAA813DA29C75D31001C76B9 /* ArrayController.swift in Sources */,
			);
			runOnlyForDeploymentPostprocessing = 0;
		};
		FA89222E29C433BA0012EA2C /* Sources */ = {
			isa = PBXSourcesBuildPhase;
			buildActionMask = 2147483647;
			files = (
				FA89223729C433BA0012EA2C /* V3_collectionsTests.swift in Sources */,
			);
			runOnlyForDeploymentPostprocessing = 0;
		};
		FA89223829C433BA0012EA2C /* Sources */ = {
			isa = PBXSourcesBuildPhase;
			buildActionMask = 2147483647;
			files = (
				FA89224129C433BA0012EA2C /* V3_collectionsUITests.swift in Sources */,
				FA89224329C433BA0012EA2C /* V3_collectionsUITestsLaunchTests.swift in Sources */,
			);
			runOnlyForDeploymentPostprocessing = 0;
		};
/* End PBXSourcesBuildPhase section */

/* Begin PBXTargetDependency section */
		FA89223429C433BA0012EA2C /* PBXTargetDependency */ = {
			isa = PBXTargetDependency;
			target = FA89221B29C433B60012EA2C /* V3_collections */;
			targetProxy = FA89223329C433BA0012EA2C /* PBXContainerItemProxy */;
		};
		FA89223E29C433BA0012EA2C /* PBXTargetDependency */ = {
			isa = PBXTargetDependency;
			target = FA89221B29C433B60012EA2C /* V3_collections */;
			targetProxy = FA89223D29C433BA0012EA2C /* PBXContainerItemProxy */;
		};
/* End PBXTargetDependency section */

/* Begin PBXVariantGroup section */
		FA89222A29C433B90012EA2C /* LaunchScreen.storyboard */ = {
			isa = PBXVariantGroup;
			children = (
				FA89222B29C433B90012EA2C /* Base */,
			);
			name = LaunchScreen.storyboard;
			sourceTree = "<group>";
		};
/* End PBXVariantGroup section */

/* Begin XCBuildConfiguration section */
		FA89224429C433BA0012EA2C /* Debug */ = {
			isa = XCBuildConfiguration;
			buildSettings = {
				ALWAYS_SEARCH_USER_PATHS = NO;
				CLANG_ANALYZER_NONNULL = YES;
				CLANG_ANALYZER_NUMBER_OBJECT_CONVERSION = YES_AGGRESSIVE;
				CLANG_CXX_LANGUAGE_STANDARD = "gnu++20";
				CLANG_ENABLE_MODULES = YES;
				CLANG_ENABLE_OBJC_ARC = YES;
				CLANG_ENABLE_OBJC_WEAK = YES;
				CLANG_WARN_BLOCK_CAPTURE_AUTORELEASING = YES;
				CLANG_WARN_BOOL_CONVERSION = YES;
				CLANG_WARN_COMMA = YES;
				CLANG_WARN_CONSTANT_CONVERSION = YES;
				CLANG_WARN_DEPRECATED_OBJC_IMPLEMENTATIONS = YES;
				CLANG_WARN_DIRECT_OBJC_ISA_USAGE = YES_ERROR;
				CLANG_WARN_DOCUMENTATION_COMMENTS = YES;
				CLANG_WARN_EMPTY_BODY = YES;
				CLANG_WARN_ENUM_CONVERSION = YES;
				CLANG_WARN_INFINITE_RECURSION = YES;
				CLANG_WARN_INT_CONVERSION = YES;
				CLANG_WARN_NON_LITERAL_NULL_CONVERSION = YES;
				CLANG_WARN_OBJC_IMPLICIT_RETAIN_SELF = YES;
				CLANG_WARN_OBJC_LITERAL_CONVERSION = YES;
				CLANG_WARN_OBJC_ROOT_CLASS = YES_ERROR;
				CLANG_WARN_QUOTED_INCLUDE_IN_FRAMEWORK_HEADER = YES;
				CLANG_WARN_RANGE_LOOP_ANALYSIS = YES;
				CLANG_WARN_STRICT_PROTOTYPES = YES;
				CLANG_WARN_SUSPICIOUS_MOVE = YES;
				CLANG_WARN_UNGUARDED_AVAILABILITY = YES_AGGRESSIVE;
				CLANG_WARN_UNREACHABLE_CODE = YES;
				CLANG_WARN__DUPLICATE_METHOD_MATCH = YES;
				COPY_PHASE_STRIP = NO;
				DEBUG_INFORMATION_FORMAT = dwarf;
				ENABLE_STRICT_OBJC_MSGSEND = YES;
				ENABLE_TESTABILITY = YES;
				GCC_C_LANGUAGE_STANDARD = gnu11;
				GCC_DYNAMIC_NO_PIC = NO;
				GCC_NO_COMMON_BLOCKS = YES;
				GCC_OPTIMIZATION_LEVEL = 0;
				GCC_PREPROCESSOR_DEFINITIONS = (
					"DEBUG=1",
					"$(inherited)",
				);
				GCC_WARN_64_TO_32_BIT_CONVERSION = YES;
				GCC_WARN_ABOUT_RETURN_TYPE = YES_ERROR;
				GCC_WARN_UNDECLARED_SELECTOR = YES;
				GCC_WARN_UNINITIALIZED_AUTOS = YES_AGGRESSIVE;
				GCC_WARN_UNUSED_FUNCTION = YES;
				GCC_WARN_UNUSED_VARIABLE = YES;
				IPHONEOS_DEPLOYMENT_TARGET = 16.2;
				MTL_ENABLE_DEBUG_INFO = INCLUDE_SOURCE;
				MTL_FAST_MATH = YES;
				ONLY_ACTIVE_ARCH = YES;
				SDKROOT = iphoneos;
				SWIFT_ACTIVE_COMPILATION_CONDITIONS = DEBUG;
				SWIFT_OPTIMIZATION_LEVEL = "-Onone";
			};
			name = Debug;
		};
		FA89224529C433BA0012EA2C /* Release */ = {
			isa = XCBuildConfiguration;
			buildSettings = {
				ALWAYS_SEARCH_USER_PATHS = NO;
				CLANG_ANALYZER_NONNULL = YES;
				CLANG_ANALYZER_NUMBER_OBJECT_CONVERSION = YES_AGGRESSIVE;
				CLANG_CXX_LANGUAGE_STANDARD = "gnu++20";
				CLANG_ENABLE_MODULES = YES;
				CLANG_ENABLE_OBJC_ARC = YES;
				CLANG_ENABLE_OBJC_WEAK = YES;
				CLANG_WARN_BLOCK_CAPTURE_AUTORELEASING = YES;
				CLANG_WARN_BOOL_CONVERSION = YES;
				CLANG_WARN_COMMA = YES;
				CLANG_WARN_CONSTANT_CONVERSION = YES;
				CLANG_WARN_DEPRECATED_OBJC_IMPLEMENTATIONS = YES;
				CLANG_WARN_DIRECT_OBJC_ISA_USAGE = YES_ERROR;
				CLANG_WARN_DOCUMENTATION_COMMENTS = YES;
				CLANG_WARN_EMPTY_BODY = YES;
				CLANG_WARN_ENUM_CONVERSION = YES;
				CLANG_WARN_INFINITE_RECURSION = YES;
				CLANG_WARN_INT_CONVERSION = YES;
				CLANG_WARN_NON_LITERAL_NULL_CONVERSION = YES;
				CLANG_WARN_OBJC_IMPLICIT_RETAIN_SELF = YES;
				CLANG_WARN_OBJC_LITERAL_CONVERSION = YES;
				CLANG_WARN_OBJC_ROOT_CLASS = YES_ERROR;
				CLANG_WARN_QUOTED_INCLUDE_IN_FRAMEWORK_HEADER = YES;
				CLANG_WARN_RANGE_LOOP_ANALYSIS = YES;
				CLANG_WARN_STRICT_PROTOTYPES = YES;
				CLANG_WARN_SUSPICIOUS_MOVE = YES;
				CLANG_WARN_UNGUARDED_AVAILABILITY = YES_AGGRESSIVE;
				CLANG_WARN_UNREACHABLE_CODE = YES;
				CLANG_WARN__DUPLICATE_METHOD_MATCH = YES;
				COPY_PHASE_STRIP = NO;
				DEBUG_INFORMATION_FORMAT = "dwarf-with-dsym";
				ENABLE_NS_ASSERTIONS = NO;
				ENABLE_STRICT_OBJC_MSGSEND = YES;
				GCC_C_LANGUAGE_STANDARD = gnu11;
				GCC_NO_COMMON_BLOCKS = YES;
				GCC_WARN_64_TO_32_BIT_CONVERSION = YES;
				GCC_WARN_ABOUT_RETURN_TYPE = YES_ERROR;
				GCC_WARN_UNDECLARED_SELECTOR = YES;
				GCC_WARN_UNINITIALIZED_AUTOS = YES_AGGRESSIVE;
				GCC_WARN_UNUSED_FUNCTION = YES;
				GCC_WARN_UNUSED_VARIABLE = YES;
				IPHONEOS_DEPLOYMENT_TARGET = 16.2;
				MTL_ENABLE_DEBUG_INFO = NO;
				MTL_FAST_MATH = YES;
				SDKROOT = iphoneos;
				SWIFT_COMPILATION_MODE = wholemodule;
				SWIFT_OPTIMIZATION_LEVEL = "-O";
				VALIDATE_PRODUCT = YES;
			};
			name = Release;
		};
		FA89224729C433BA0012EA2C /* Debug */ = {
			isa = XCBuildConfiguration;
			baseConfigurationReference = 66C600E94FF0D17A0390FFAD /* Pods-V3_collections.debug.xcconfig */;
			buildSettings = {
				ASSETCATALOG_COMPILER_APPICON_NAME = AppIcon;
				ASSETCATALOG_COMPILER_GLOBAL_ACCENT_COLOR_NAME = AccentColor;
				CODE_SIGN_STYLE = Automatic;
				CURRENT_PROJECT_VERSION = 1;
				GENERATE_INFOPLIST_FILE = YES;
				INFOPLIST_FILE = V3_collections/Info.plist;
				INFOPLIST_KEY_UIApplicationSupportsIndirectInputEvents = YES;
				INFOPLIST_KEY_UILaunchStoryboardName = LaunchScreen;
				INFOPLIST_KEY_UIMainStoryboardFile = "";
				INFOPLIST_KEY_UISupportedInterfaceOrientations = UIInterfaceOrientationPortrait;
				IPHONEOS_DEPLOYMENT_TARGET = 13.0;
				LD_RUNPATH_SEARCH_PATHS = (
					"$(inherited)",
					"@executable_path/Frameworks",
				);
				MARKETING_VERSION = 1.0;
				PRODUCT_BUNDLE_IDENTIFIER = "alex.V3-collections";
				PRODUCT_NAME = "$(TARGET_NAME)";
				SUPPORTED_PLATFORMS = "iphoneos iphonesimulator";
				SUPPORTS_MACCATALYST = NO;
				SUPPORTS_MAC_DESIGNED_FOR_IPHONE_IPAD = NO;
				SWIFT_EMIT_LOC_STRINGS = YES;
				SWIFT_VERSION = 5.0;
				TARGETED_DEVICE_FAMILY = 1;
			};
			name = Debug;
		};
		FA89224829C433BA0012EA2C /* Release */ = {
			isa = XCBuildConfiguration;
			baseConfigurationReference = 1C44EFFF3C85BB430690A9B0 /* Pods-V3_collections.release.xcconfig */;
			buildSettings = {
				ASSETCATALOG_COMPILER_APPICON_NAME = AppIcon;
				ASSETCATALOG_COMPILER_GLOBAL_ACCENT_COLOR_NAME = AccentColor;
				CODE_SIGN_STYLE = Automatic;
				CURRENT_PROJECT_VERSION = 1;
				GENERATE_INFOPLIST_FILE = YES;
				INFOPLIST_FILE = V3_collections/Info.plist;
				INFOPLIST_KEY_UIApplicationSupportsIndirectInputEvents = YES;
				INFOPLIST_KEY_UILaunchStoryboardName = LaunchScreen;
				INFOPLIST_KEY_UIMainStoryboardFile = "";
				INFOPLIST_KEY_UISupportedInterfaceOrientations = UIInterfaceOrientationPortrait;
				IPHONEOS_DEPLOYMENT_TARGET = 13.0;
				LD_RUNPATH_SEARCH_PATHS = (
					"$(inherited)",
					"@executable_path/Frameworks",
				);
				MARKETING_VERSION = 1.0;
				PRODUCT_BUNDLE_IDENTIFIER = "alex.V3-collections";
				PRODUCT_NAME = "$(TARGET_NAME)";
				SUPPORTED_PLATFORMS = "iphoneos iphonesimulator";
				SUPPORTS_MACCATALYST = NO;
				SUPPORTS_MAC_DESIGNED_FOR_IPHONE_IPAD = NO;
				SWIFT_EMIT_LOC_STRINGS = YES;
				SWIFT_VERSION = 5.0;
				TARGETED_DEVICE_FAMILY = 1;
			};
			name = Release;
		};
		FA89224A29C433BA0012EA2C /* Debug */ = {
			isa = XCBuildConfiguration;
			baseConfigurationReference = 1A52202D38892D43CBE1F390 /* Pods-V3_collectionsTests.debug.xcconfig */;
			buildSettings = {
				ALWAYS_EMBED_SWIFT_STANDARD_LIBRARIES = YES;
				BUNDLE_LOADER = "$(TEST_HOST)";
				CODE_SIGN_STYLE = Automatic;
				CURRENT_PROJECT_VERSION = 1;
				GENERATE_INFOPLIST_FILE = YES;
				IPHONEOS_DEPLOYMENT_TARGET = 16.2;
				MARKETING_VERSION = 1.0;
				PRODUCT_BUNDLE_IDENTIFIER = "alex.V3-collectionsTests";
				PRODUCT_NAME = "$(TARGET_NAME)";
				SWIFT_EMIT_LOC_STRINGS = NO;
				SWIFT_VERSION = 5.0;
				TARGETED_DEVICE_FAMILY = "1,2";
				TEST_HOST = "$(BUILT_PRODUCTS_DIR)/V3_collections.app/$(BUNDLE_EXECUTABLE_FOLDER_PATH)/V3_collections";
			};
			name = Debug;
		};
		FA89224B29C433BA0012EA2C /* Release */ = {
			isa = XCBuildConfiguration;
			baseConfigurationReference = FF4245470163A86764AAA7AE /* Pods-V3_collectionsTests.release.xcconfig */;
			buildSettings = {
				ALWAYS_EMBED_SWIFT_STANDARD_LIBRARIES = YES;
				BUNDLE_LOADER = "$(TEST_HOST)";
				CODE_SIGN_STYLE = Automatic;
				CURRENT_PROJECT_VERSION = 1;
				GENERATE_INFOPLIST_FILE = YES;
				IPHONEOS_DEPLOYMENT_TARGET = 16.2;
				MARKETING_VERSION = 1.0;
				PRODUCT_BUNDLE_IDENTIFIER = "alex.V3-collectionsTests";
				PRODUCT_NAME = "$(TARGET_NAME)";
				SWIFT_EMIT_LOC_STRINGS = NO;
				SWIFT_VERSION = 5.0;
				TARGETED_DEVICE_FAMILY = "1,2";
				TEST_HOST = "$(BUILT_PRODUCTS_DIR)/V3_collections.app/$(BUNDLE_EXECUTABLE_FOLDER_PATH)/V3_collections";
			};
			name = Release;
		};
		FA89224D29C433BA0012EA2C /* Debug */ = {
			isa = XCBuildConfiguration;
			baseConfigurationReference = A04D27C1A2AAD969A9473670 /* Pods-V3_collections-V3_collectionsUITests.debug.xcconfig */;
			buildSettings = {
				ALWAYS_EMBED_SWIFT_STANDARD_LIBRARIES = YES;
				CODE_SIGN_STYLE = Automatic;
				CURRENT_PROJECT_VERSION = 1;
				GENERATE_INFOPLIST_FILE = YES;
				MARKETING_VERSION = 1.0;
				PRODUCT_BUNDLE_IDENTIFIER = "alex.V3-collectionsUITests";
				PRODUCT_NAME = "$(TARGET_NAME)";
				SWIFT_EMIT_LOC_STRINGS = NO;
				SWIFT_VERSION = 5.0;
				TARGETED_DEVICE_FAMILY = "1,2";
				TEST_TARGET_NAME = V3_collections;
			};
			name = Debug;
		};
		FA89224E29C433BA0012EA2C /* Release */ = {
			isa = XCBuildConfiguration;
			baseConfigurationReference = 736920C8F525B1E2431862E3 /* Pods-V3_collections-V3_collectionsUITests.release.xcconfig */;
			buildSettings = {
				ALWAYS_EMBED_SWIFT_STANDARD_LIBRARIES = YES;
				CODE_SIGN_STYLE = Automatic;
				CURRENT_PROJECT_VERSION = 1;
				GENERATE_INFOPLIST_FILE = YES;
				MARKETING_VERSION = 1.0;
				PRODUCT_BUNDLE_IDENTIFIER = "alex.V3-collectionsUITests";
				PRODUCT_NAME = "$(TARGET_NAME)";
				SWIFT_EMIT_LOC_STRINGS = NO;
				SWIFT_VERSION = 5.0;
				TARGETED_DEVICE_FAMILY = "1,2";
				TEST_TARGET_NAME = V3_collections;
			};
			name = Release;
		};
/* End XCBuildConfiguration section */

/* Begin XCConfigurationList section */
		FA89221729C433B60012EA2C /* Build configuration list for PBXProject "V3_collections" */ = {
			isa = XCConfigurationList;
			buildConfigurations = (
				FA89224429C433BA0012EA2C /* Debug */,
				FA89224529C433BA0012EA2C /* Release */,
			);
			defaultConfigurationIsVisible = 0;
			defaultConfigurationName = Release;
		};
		FA89224629C433BA0012EA2C /* Build configuration list for PBXNativeTarget "V3_collections" */ = {
			isa = XCConfigurationList;
			buildConfigurations = (
				FA89224729C433BA0012EA2C /* Debug */,
				FA89224829C433BA0012EA2C /* Release */,
			);
			defaultConfigurationIsVisible = 0;
			defaultConfigurationName = Release;
		};
		FA89224929C433BA0012EA2C /* Build configuration list for PBXNativeTarget "V3_collectionsTests" */ = {
			isa = XCConfigurationList;
			buildConfigurations = (
				FA89224A29C433BA0012EA2C /* Debug */,
				FA89224B29C433BA0012EA2C /* Release */,
			);
			defaultConfigurationIsVisible = 0;
			defaultConfigurationName = Release;
		};
		FA89224C29C433BA0012EA2C /* Build configuration list for PBXNativeTarget "V3_collectionsUITests" */ = {
			isa = XCConfigurationList;
			buildConfigurations = (
				FA89224D29C433BA0012EA2C /* Debug */,
				FA89224E29C433BA0012EA2C /* Release */,
			);
			defaultConfigurationIsVisible = 0;
			defaultConfigurationName = Release;
		};
/* End XCConfigurationList section */
	};
	rootObject = FA89221429C433B60012EA2C /* Project object */;
}
